
Microsoft Visual Studio Solution File, Format Version 12.00
Project("{FAE04EC0-301F-11D3-BF4B-00C04F79EFBC}") = "ToolBox", "ToolBox.csproj", "{87AC8B04-C301-45DE-9CAF-F8F563D0DF4F}"
EndProject
Project("{2150E333-8FDC-42A3-9474-1A3956D46DE8}") = "src", "src", "{AA49CF0B-7AE2-4DCE-8EB3-7F833A88E261}"
EndProject
Global
	GlobalSection(SolutionConfigurationPlatforms) = preSolution
		Debug|Any CPU = Debug|Any CPU
		Release|Any CPU = Release|Any CPU
	EndGlobalSection
	GlobalSection(ProjectConfigurationPlatforms) = postSolution
		{87AC8B04-C301-45DE-9CAF-F8F563D0DF4F}.Debug|Any CPU.ActiveCfg = Debug|Any CPU
		{87AC8B04-C301-45DE-9CAF-F8F563D0DF4F}.Debug|Any CPU.Build.0 = Debug|Any CPU
		{87AC8B04-C301-45DE-9CAF-F8F563D0DF4F}.Release|Any CPU.ActiveCfg = Release|Any CPU
		{87AC8B04-C301-45DE-9CAF-F8F563D0DF4F}.Release|Any CPU.Build.0 = Release|Any CPU
	EndGlobalSection
	GlobalSection(NestedProjects) = preSolution
		{87AC8B04-C301-45DE-9CAF-F8F563D0DF4F} = {AA49CF0B-7AE2-4DCE-8EB3-7F833A88E261}
	EndGlobalSection
EndGlobal
